// !$*UTF8*$!
{
	archiveVersion = 1;
	classes = {
	};
	objectVersion = 56;
	objects = {

/* Begin PBXBuildFile section */
		1793ABE4293BAA1F00FA191B /* DataBindingWithOtherView.swift in Sources */ = {isa = PBXBuildFile; fileRef = 1793ABD3293BAA1E00FA191B /* DataBindingWithOtherView.swift */; };
		1793ABE5293BAA1F00FA191B /* CustomButtonStyleView.swift in Sources */ = {isa = PBXBuildFile; fileRef = 1793ABD4293BAA1E00FA191B /* CustomButtonStyleView.swift */; };
		1793ABE6293BAA1F00FA191B /* GetSysDataView.swift in Sources */ = {isa = PBXBuildFile; fileRef = 1793ABD5293BAA1E00FA191B /* GetSysDataView.swift */; };
		1793ABE7293BAA1F00FA191B /* ImageScaleView.swift in Sources */ = {isa = PBXBuildFile; fileRef = 1793ABD6293BAA1E00FA191B /* ImageScaleView.swift */; };
		1793ABE8293BAA1F00FA191B /* ObserverDataBinding.swift in Sources */ = {isa = PBXBuildFile; fileRef = 1793ABD8293BAA1E00FA191B /* ObserverDataBinding.swift */; };
		1793ABE9293BAA1F00FA191B /* ObserverDataBindingView.swift in Sources */ = {isa = PBXBuildFile; fileRef = 1793ABD9293BAA1E00FA191B /* ObserverDataBindingView.swift */; };
		1793ABEA293BAA1F00FA191B /* DataBindingView.swift in Sources */ = {isa = PBXBuildFile; fileRef = 1793ABDA293BAA1E00FA191B /* DataBindingView.swift */; };
		1793ABEB293BAA1F00FA191B /* BasicView.swift in Sources */ = {isa = PBXBuildFile; fileRef = 1793ABDB293BAA1E00FA191B /* BasicView.swift */; };
		1793ABEC293BAA1F00FA191B /* MyHomeViewModel.swift in Sources */ = {isa = PBXBuildFile; fileRef = 1793ABDE293BAA1F00FA191B /* MyHomeViewModel.swift */; };
		1793ABED293BAA1F00FA191B /* BookModel.swift in Sources */ = {isa = PBXBuildFile; fileRef = 1793ABE0293BAA1F00FA191B /* BookModel.swift */; };
		1793ABEE293BAA1F00FA191B /* MyHomeView.swift in Sources */ = {isa = PBXBuildFile; fileRef = 1793ABE2293BAA1F00FA191B /* MyHomeView.swift */; };
		1793ABEF293BAA1F00FA191B /* PropertyWrapper.swift in Sources */ = {isa = PBXBuildFile; fileRef = 1793ABE3293BAA1F00FA191B /* PropertyWrapper.swift */; };
		1793ABF4293BAA4900FA191B /* ReadJsonView.swift in Sources */ = {isa = PBXBuildFile; fileRef = 1793ABF1293BAA4900FA191B /* ReadJsonView.swift */; };
		1793ABF6293BAA4900FA191B /* the_json_data.json in Resources */ = {isa = PBXBuildFile; fileRef = 1793ABF3293BAA4900FA191B /* the_json_data.json */; };
		1793ABF8293BAFDA00FA191B /* InputLimitView.swift in Sources */ = {isa = PBXBuildFile; fileRef = 1793ABF7293BAFDA00FA191B /* InputLimitView.swift */; };
		1793ABFA293CA09900FA191B /* NavView.swift in Sources */ = {isa = PBXBuildFile; fileRef = 1793ABF9293CA09900FA191B /* NavView.swift */; };
		1793ABFC293DA9E900FA191B /* TabsView.swift in Sources */ = {isa = PBXBuildFile; fileRef = 1793ABFB293DA9E900FA191B /* TabsView.swift */; };
		1793ABFE293DCE7900FA191B /* CustomTabView.swift in Sources */ = {isa = PBXBuildFile; fileRef = 1793ABFD293DCE7900FA191B /* CustomTabView.swift */; };
		1793AC03293DEDFA00FA191B /* FirebaseAnalytics in Frameworks */ = {isa = PBXBuildFile; productRef = 1793AC02293DEDFA00FA191B /* FirebaseAnalytics */; };
		1793AC05293DEDFA00FA191B /* FirebaseFirestore in Frameworks */ = {isa = PBXBuildFile; productRef = 1793AC04293DEDFA00FA191B /* FirebaseFirestore */; };
		1793AC07293DEDFA00FA191B /* FirebaseFirestoreSwift in Frameworks */ = {isa = PBXBuildFile; productRef = 1793AC06293DEDFA00FA191B /* FirebaseFirestoreSwift */; };
		1793AC09293DF63F00FA191B /* FirebaseTestView.swift in Sources */ = {isa = PBXBuildFile; fileRef = 1793AC08293DF63F00FA191B /* FirebaseTestView.swift */; };
		1793AC0D293E0A0000FA191B /* GoogleService-Info.plist in Resources */ = {isa = PBXBuildFile; fileRef = 1793AC0C293E0A0000FA191B /* GoogleService-Info.plist */; };
		1793AC0F293E242600FA191B /* SheetsView.swift in Sources */ = {isa = PBXBuildFile; fileRef = 1793AC0E293E242600FA191B /* SheetsView.swift */; };
		1BD3D7602927773A007AC929 /* swift_learnApp.swift in Sources */ = {isa = PBXBuildFile; fileRef = 1BD3D75F2927773A007AC929 /* swift_learnApp.swift */; };
		1BD3D7622927773A007AC929 /* ContentView.swift in Sources */ = {isa = PBXBuildFile; fileRef = 1BD3D7612927773A007AC929 /* ContentView.swift */; };
		1BD3D7642927773B007AC929 /* Assets.xcassets in Resources */ = {isa = PBXBuildFile; fileRef = 1BD3D7632927773B007AC929 /* Assets.xcassets */; };
		1BD3D7672927773B007AC929 /* Preview Assets.xcassets in Resources */ = {isa = PBXBuildFile; fileRef = 1BD3D7662927773B007AC929 /* Preview Assets.xcassets */; };
/* End PBXBuildFile section */

/* Begin PBXFileReference section */
		1793ABD3293BAA1E00FA191B /* DataBindingWithOtherView.swift */ = {isa = PBXFileReference; fileEncoding = 4; lastKnownFileType = sourcecode.swift; path = DataBindingWithOtherView.swift; sourceTree = "<group>"; };
		1793ABD4293BAA1E00FA191B /* CustomButtonStyleView.swift */ = {isa = PBXFileReference; fileEncoding = 4; lastKnownFileType = sourcecode.swift; path = CustomButtonStyleView.swift; sourceTree = "<group>"; };
		1793ABD5293BAA1E00FA191B /* GetSysDataView.swift */ = {isa = PBXFileReference; fileEncoding = 4; lastKnownFileType = sourcecode.swift; path = GetSysDataView.swift; sourceTree = "<group>"; };
		1793ABD6293BAA1E00FA191B /* ImageScaleView.swift */ = {isa = PBXFileReference; fileEncoding = 4; lastKnownFileType = sourcecode.swift; path = ImageScaleView.swift; sourceTree = "<group>"; };
		1793ABD8293BAA1E00FA191B /* ObserverDataBinding.swift */ = {isa = PBXFileReference; fileEncoding = 4; lastKnownFileType = sourcecode.swift; path = ObserverDataBinding.swift; sourceTree = "<group>"; };
		1793ABD9293BAA1E00FA191B /* ObserverDataBindingView.swift */ = {isa = PBXFileReference; fileEncoding = 4; lastKnownFileType = sourcecode.swift; path = ObserverDataBindingView.swift; sourceTree = "<group>"; };
		1793ABDA293BAA1E00FA191B /* DataBindingView.swift */ = {isa = PBXFileReference; fileEncoding = 4; lastKnownFileType = sourcecode.swift; path = DataBindingView.swift; sourceTree = "<group>"; };
		1793ABDB293BAA1E00FA191B /* BasicView.swift */ = {isa = PBXFileReference; fileEncoding = 4; lastKnownFileType = sourcecode.swift; path = BasicView.swift; sourceTree = "<group>"; };
		1793ABDE293BAA1F00FA191B /* MyHomeViewModel.swift */ = {isa = PBXFileReference; fileEncoding = 4; lastKnownFileType = sourcecode.swift; path = MyHomeViewModel.swift; sourceTree = "<group>"; };
		1793ABE0293BAA1F00FA191B /* BookModel.swift */ = {isa = PBXFileReference; fileEncoding = 4; lastKnownFileType = sourcecode.swift; path = BookModel.swift; sourceTree = "<group>"; };
		1793ABE2293BAA1F00FA191B /* MyHomeView.swift */ = {isa = PBXFileReference; fileEncoding = 4; lastKnownFileType = sourcecode.swift; path = MyHomeView.swift; sourceTree = "<group>"; };
		1793ABE3293BAA1F00FA191B /* PropertyWrapper.swift */ = {isa = PBXFileReference; fileEncoding = 4; lastKnownFileType = sourcecode.swift; path = PropertyWrapper.swift; sourceTree = "<group>"; };
		1793ABF1293BAA4900FA191B /* ReadJsonView.swift */ = {isa = PBXFileReference; fileEncoding = 4; lastKnownFileType = sourcecode.swift; path = ReadJsonView.swift; sourceTree = "<group>"; };
		1793ABF3293BAA4900FA191B /* the_json_data.json */ = {isa = PBXFileReference; fileEncoding = 4; lastKnownFileType = text.json; path = the_json_data.json; sourceTree = "<group>"; };
		1793ABF7293BAFDA00FA191B /* InputLimitView.swift */ = {isa = PBXFileReference; lastKnownFileType = sourcecode.swift; path = InputLimitView.swift; sourceTree = "<group>"; };
		1793ABF9293CA09900FA191B /* NavView.swift */ = {isa = PBXFileReference; lastKnownFileType = sourcecode.swift; path = NavView.swift; sourceTree = "<group>"; };
		1793ABFB293DA9E900FA191B /* TabsView.swift */ = {isa = PBXFileReference; lastKnownFileType = sourcecode.swift; path = TabsView.swift; sourceTree = "<group>"; };
		1793ABFD293DCE7900FA191B /* CustomTabView.swift */ = {isa = PBXFileReference; lastKnownFileType = sourcecode.swift; path = CustomTabView.swift; sourceTree = "<group>"; };
		1793AC08293DF63F00FA191B /* FirebaseTestView.swift */ = {isa = PBXFileReference; lastKnownFileType = sourcecode.swift; path = FirebaseTestView.swift; sourceTree = "<group>"; };
		1793AC0C293E0A0000FA191B /* GoogleService-Info.plist */ = {isa = PBXFileReference; fileEncoding = 4; lastKnownFileType = text.plist.xml; path = "GoogleService-Info.plist"; sourceTree = "<group>"; };
		1793AC0E293E242600FA191B /* SheetsView.swift */ = {isa = PBXFileReference; lastKnownFileType = sourcecode.swift; path = SheetsView.swift; sourceTree = "<group>"; };
		1BD3D75C2927773A007AC929 /* swift-learn.app */ = {isa = PBXFileReference; explicitFileType = wrapper.application; includeInIndex = 0; path = "swift-learn.app"; sourceTree = BUILT_PRODUCTS_DIR; };
		1BD3D75F2927773A007AC929 /* swift_learnApp.swift */ = {isa = PBXFileReference; lastKnownFileType = sourcecode.swift; path = swift_learnApp.swift; sourceTree = "<group>"; };
		1BD3D7612927773A007AC929 /* ContentView.swift */ = {isa = PBXFileReference; lastKnownFileType = sourcecode.swift; path = ContentView.swift; sourceTree = "<group>"; };
		1BD3D7632927773B007AC929 /* Assets.xcassets */ = {isa = PBXFileReference; lastKnownFileType = folder.assetcatalog; path = Assets.xcassets; sourceTree = "<group>"; };
		1BD3D7662927773B007AC929 /* Preview Assets.xcassets */ = {isa = PBXFileReference; lastKnownFileType = folder.assetcatalog; path = "Preview Assets.xcassets"; sourceTree = "<group>"; };
/* End PBXFileReference section */

/* Begin PBXFrameworksBuildPhase section */
		1BD3D7592927773A007AC929 /* Frameworks */ = {
			isa = PBXFrameworksBuildPhase;
			buildActionMask = 2147483647;
			files = (
				1793AC03293DEDFA00FA191B /* FirebaseAnalytics in Frameworks */,
				1793AC05293DEDFA00FA191B /* FirebaseFirestore in Frameworks */,
				1793AC07293DEDFA00FA191B /* FirebaseFirestoreSwift in Frameworks */,
			);
			runOnlyForDeploymentPostprocessing = 0;
		};
/* End PBXFrameworksBuildPhase section */

/* Begin PBXGroup section */
		1793ABD7293BAA1E00FA191B /* ObserverObject */ = {
			isa = PBXGroup;
			children = (
				1793ABD8293BAA1E00FA191B /* ObserverDataBinding.swift */,
				1793ABD9293BAA1E00FA191B /* ObserverDataBindingView.swift */,
			);
			path = ObserverObject;
			sourceTree = "<group>";
		};
		1793ABDC293BAA1F00FA191B /* MVVM */ = {
			isa = PBXGroup;
			children = (
				1793ABDD293BAA1F00FA191B /* ViewModel */,
				1793ABDF293BAA1F00FA191B /* Model */,
				1793ABE1293BAA1F00FA191B /* View */,
			);
			path = MVVM;
			sourceTree = "<group>";
		};
		1793ABDD293BAA1F00FA191B /* ViewModel */ = {
			isa = PBXGroup;
			children = (
				1793ABDE293BAA1F00FA191B /* MyHomeViewModel.swift */,
			);
			path = ViewModel;
			sourceTree = "<group>";
		};
		1793ABDF293BAA1F00FA191B /* Model */ = {
			isa = PBXGroup;
			children = (
				1793ABE0293BAA1F00FA191B /* BookModel.swift */,
			);
			path = Model;
			sourceTree = "<group>";
		};
		1793ABE1293BAA1F00FA191B /* View */ = {
			isa = PBXGroup;
			children = (
				1793ABE2293BAA1F00FA191B /* MyHomeView.swift */,
			);
			path = View;
			sourceTree = "<group>";
		};
		1793ABF0293BAA4900FA191B /* ReadJson */ = {
			isa = PBXGroup;
			children = (
				1793ABF1293BAA4900FA191B /* ReadJsonView.swift */,
				1793ABF3293BAA4900FA191B /* the_json_data.json */,
			);
			path = ReadJson;
			sourceTree = "<group>";
		};
		1BD3D7532927773A007AC929 = {
			isa = PBXGroup;
			children = (
				1BD3D75E2927773A007AC929 /* swift-learn */,
				1BD3D75D2927773A007AC929 /* Products */,
			);
			sourceTree = "<group>";
		};
		1BD3D75D2927773A007AC929 /* Products */ = {
			isa = PBXGroup;
			children = (
				1BD3D75C2927773A007AC929 /* swift-learn.app */,
			);
			name = Products;
			sourceTree = "<group>";
		};
		1BD3D75E2927773A007AC929 /* swift-learn */ = {
			isa = PBXGroup;
			children = (
				1793AC0C293E0A0000FA191B /* GoogleService-Info.plist */,
				1BD3D75F2927773A007AC929 /* swift_learnApp.swift */,
				1BD3D7612927773A007AC929 /* ContentView.swift */,
				1793ABDB293BAA1E00FA191B /* BasicView.swift */,
				1793ABD4293BAA1E00FA191B /* CustomButtonStyleView.swift */,
				1793ABDA293BAA1E00FA191B /* DataBindingView.swift */,
				1793ABD3293BAA1E00FA191B /* DataBindingWithOtherView.swift */,
				1793ABD5293BAA1E00FA191B /* GetSysDataView.swift */,
				1793ABD6293BAA1E00FA191B /* ImageScaleView.swift */,
				1793ABE3293BAA1F00FA191B /* PropertyWrapper.swift */,
				1793ABDC293BAA1F00FA191B /* MVVM */,
				1793ABD7293BAA1E00FA191B /* ObserverObject */,
				1793ABF0293BAA4900FA191B /* ReadJson */,
				1793ABF7293BAFDA00FA191B /* InputLimitView.swift */,
				1793ABF9293CA09900FA191B /* NavView.swift */,
				1793ABFB293DA9E900FA191B /* TabsView.swift */,
				1793ABFD293DCE7900FA191B /* CustomTabView.swift */,
				1793AC08293DF63F00FA191B /* FirebaseTestView.swift */,
				1793AC0E293E242600FA191B /* SheetsView.swift */,
				1BD3D7632927773B007AC929 /* Assets.xcassets */,
				1BD3D7652927773B007AC929 /* Preview Content */,
			);
			path = "swift-learn";
			sourceTree = "<group>";
		};
		1BD3D7652927773B007AC929 /* Preview Content */ = {
			isa = PBXGroup;
			children = (
				1BD3D7662927773B007AC929 /* Preview Assets.xcassets */,
			);
			path = "Preview Content";
			sourceTree = "<group>";
		};
/* End PBXGroup section */

/* Begin PBXNativeTarget section */
		1BD3D75B2927773A007AC929 /* swift-learn */ = {
			isa = PBXNativeTarget;
			buildConfigurationList = 1BD3D76A2927773B007AC929 /* Build configuration list for PBXNativeTarget "swift-learn" */;
			buildPhases = (
				1BD3D7582927773A007AC929 /* Sources */,
				1BD3D7592927773A007AC929 /* Frameworks */,
				1BD3D75A2927773A007AC929 /* Resources */,
			);
			buildRules = (
			);
			dependencies = (
			);
			name = "swift-learn";
			packageProductDependencies = (
				1793AC02293DEDFA00FA191B /* FirebaseAnalytics */,
				1793AC04293DEDFA00FA191B /* FirebaseFirestore */,
				1793AC06293DEDFA00FA191B /* FirebaseFirestoreSwift */,
			);
			productName = "swift-learn";
			productReference = 1BD3D75C2927773A007AC929 /* swift-learn.app */;
			productType = "com.apple.product-type.application";
		};
/* End PBXNativeTarget section */

/* Begin PBXProject section */
		1BD3D7542927773A007AC929 /* Project object */ = {
			isa = PBXProject;
			attributes = {
				BuildIndependentTargetsInParallel = 1;
				LastSwiftUpdateCheck = 1410;
				LastUpgradeCheck = 1410;
				TargetAttributes = {
					1BD3D75B2927773A007AC929 = {
						CreatedOnToolsVersion = 14.1;
					};
				};
			};
			buildConfigurationList = 1BD3D7572927773A007AC929 /* Build configuration list for PBXProject "swift-learn" */;
			compatibilityVersion = "Xcode 14.0";
			developmentRegion = en;
			hasScannedForEncodings = 0;
			knownRegions = (
				en,
				Base,
			);
			mainGroup = 1BD3D7532927773A007AC929;
			packageReferences = (
				1793AC01293DEDFA00FA191B /* XCRemoteSwiftPackageReference "firebase-ios-sdk" */,
			);
			productRefGroup = 1BD3D75D2927773A007AC929 /* Products */;
			projectDirPath = "";
			projectRoot = "";
			targets = (
				1BD3D75B2927773A007AC929 /* swift-learn */,
			);
		};
/* End PBXProject section */

/* Begin PBXResourcesBuildPhase section */
		1BD3D75A2927773A007AC929 /* Resources */ = {
			isa = PBXResourcesBuildPhase;
			buildActionMask = 2147483647;
			files = (
				1BD3D7672927773B007AC929 /* Preview Assets.xcassets in Resources */,
				1793AC0D293E0A0000FA191B /* GoogleService-Info.plist in Resources */,
				1BD3D7642927773B007AC929 /* Assets.xcassets in Resources */,
				1793ABF6293BAA4900FA191B /* the_json_data.json in Resources */,
			);
			runOnlyForDeploymentPostprocessing = 0;
		};
/* End PBXResourcesBuildPhase section */

/* Begin PBXSourcesBuildPhase section */
		1BD3D7582927773A007AC929 /* Sources */ = {
			isa = PBXSourcesBuildPhase;
			buildActionMask = 2147483647;
			files = (
				1793ABE9293BAA1F00FA191B /* ObserverDataBindingView.swift in Sources */,
				1793ABFA293CA09900FA191B /* NavView.swift in Sources */,
				1793ABF4293BAA4900FA191B /* ReadJsonView.swift in Sources */,
				1793ABE4293BAA1F00FA191B /* DataBindingWithOtherView.swift in Sources */,
				1793ABFE293DCE7900FA191B /* CustomTabView.swift in Sources */,
				1793ABE5293BAA1F00FA191B /* CustomButtonStyleView.swift in Sources */,
				1BD3D7622927773A007AC929 /* ContentView.swift in Sources */,
				1793ABEA293BAA1F00FA191B /* DataBindingView.swift in Sources */,
				1793ABE8293BAA1F00FA191B /* ObserverDataBinding.swift in Sources */,
				1793ABED293BAA1F00FA191B /* BookModel.swift in Sources */,
				1793ABEC293BAA1F00FA191B /* MyHomeViewModel.swift in Sources */,
				1793AC0F293E242600FA191B /* SheetsView.swift in Sources */,
				1793ABEF293BAA1F00FA191B /* PropertyWrapper.swift in Sources */,
				1793ABF8293BAFDA00FA191B /* InputLimitView.swift in Sources */,
				1793AC09293DF63F00FA191B /* FirebaseTestView.swift in Sources */,
				1BD3D7602927773A007AC929 /* swift_learnApp.swift in Sources */,
				1793ABEB293BAA1F00FA191B /* BasicView.swift in Sources */,
				1793ABEE293BAA1F00FA191B /* MyHomeView.swift in Sources */,
				1793ABE6293BAA1F00FA191B /* GetSysDataView.swift in Sources */,
				1793ABFC293DA9E900FA191B /* TabsView.swift in Sources */,
				1793ABE7293BAA1F00FA191B /* ImageScaleView.swift in Sources */,
			);
			runOnlyForDeploymentPostprocessing = 0;
		};
/* End PBXSourcesBuildPhase section */

/* Begin XCBuildConfiguration section */
		1BD3D7682927773B007AC929 /* Debug */ = {
			isa = XCBuildConfiguration;
			buildSettings = {
				ALWAYS_SEARCH_USER_PATHS = NO;
				CLANG_ANALYZER_NONNULL = YES;
				CLANG_ANALYZER_NUMBER_OBJECT_CONVERSION = YES_AGGRESSIVE;
				CLANG_CXX_LANGUAGE_STANDARD = "gnu++20";
				CLANG_ENABLE_MODULES = YES;
				CLANG_ENABLE_OBJC_ARC = YES;
				CLANG_ENABLE_OBJC_WEAK = YES;
				CLANG_WARN_BLOCK_CAPTURE_AUTORELEASING = YES;
				CLANG_WARN_BOOL_CONVERSION = YES;
				CLANG_WARN_COMMA = YES;
				CLANG_WARN_CONSTANT_CONVERSION = YES;
				CLANG_WARN_DEPRECATED_OBJC_IMPLEMENTATIONS = YES;
				CLANG_WARN_DIRECT_OBJC_ISA_USAGE = YES_ERROR;
				CLANG_WARN_DOCUMENTATION_COMMENTS = YES;
				CLANG_WARN_EMPTY_BODY = YES;
				CLANG_WARN_ENUM_CONVERSION = YES;
				CLANG_WARN_INFINITE_RECURSION = YES;
				CLANG_WARN_INT_CONVERSION = YES;
				CLANG_WARN_NON_LITERAL_NULL_CONVERSION = YES;
				CLANG_WARN_OBJC_IMPLICIT_RETAIN_SELF = YES;
				CLANG_WARN_OBJC_LITERAL_CONVERSION = YES;
				CLANG_WARN_OBJC_ROOT_CLASS = YES_ERROR;
				CLANG_WARN_QUOTED_INCLUDE_IN_FRAMEWORK_HEADER = YES;
				CLANG_WARN_RANGE_LOOP_ANALYSIS = YES;
				CLANG_WARN_STRICT_PROTOTYPES = YES;
				CLANG_WARN_SUSPICIOUS_MOVE = YES;
				CLANG_WARN_UNGUARDED_AVAILABILITY = YES_AGGRESSIVE;
				CLANG_WARN_UNREACHABLE_CODE = YES;
				CLANG_WARN__DUPLICATE_METHOD_MATCH = YES;
				COPY_PHASE_STRIP = NO;
				DEBUG_INFORMATION_FORMAT = dwarf;
				ENABLE_STRICT_OBJC_MSGSEND = YES;
				ENABLE_TESTABILITY = YES;
				GCC_C_LANGUAGE_STANDARD = gnu11;
				GCC_DYNAMIC_NO_PIC = NO;
				GCC_NO_COMMON_BLOCKS = YES;
				GCC_OPTIMIZATION_LEVEL = 0;
				GCC_PREPROCESSOR_DEFINITIONS = (
					"DEBUG=1",
					"$(inherited)",
				);
				GCC_WARN_64_TO_32_BIT_CONVERSION = YES;
				GCC_WARN_ABOUT_RETURN_TYPE = YES_ERROR;
				GCC_WARN_UNDECLARED_SELECTOR = YES;
				GCC_WARN_UNINITIALIZED_AUTOS = YES_AGGRESSIVE;
				GCC_WARN_UNUSED_FUNCTION = YES;
				GCC_WARN_UNUSED_VARIABLE = YES;
				IPHONEOS_DEPLOYMENT_TARGET = 16.1;
				MTL_ENABLE_DEBUG_INFO = INCLUDE_SOURCE;
				MTL_FAST_MATH = YES;
				ONLY_ACTIVE_ARCH = YES;
				SDKROOT = iphoneos;
				SWIFT_ACTIVE_COMPILATION_CONDITIONS = DEBUG;
				SWIFT_OPTIMIZATION_LEVEL = "-Onone";
			};
			name = Debug;
		};
		1BD3D7692927773B007AC929 /* Release */ = {
			isa = XCBuildConfiguration;
			buildSettings = {
				ALWAYS_SEARCH_USER_PATHS = NO;
				CLANG_ANALYZER_NONNULL = YES;
				CLANG_ANALYZER_NUMBER_OBJECT_CONVERSION = YES_AGGRESSIVE;
				CLANG_CXX_LANGUAGE_STANDARD = "gnu++20";
				CLANG_ENABLE_MODULES = YES;
				CLANG_ENABLE_OBJC_ARC = YES;
				CLANG_ENABLE_OBJC_WEAK = YES;
				CLANG_WARN_BLOCK_CAPTURE_AUTORELEASING = YES;
				CLANG_WARN_BOOL_CONVERSION = YES;
				CLANG_WARN_COMMA = YES;
				CLANG_WARN_CONSTANT_CONVERSION = YES;
				CLANG_WARN_DEPRECATED_OBJC_IMPLEMENTATIONS = YES;
				CLANG_WARN_DIRECT_OBJC_ISA_USAGE = YES_ERROR;
				CLANG_WARN_DOCUMENTATION_COMMENTS = YES;
				CLANG_WARN_EMPTY_BODY = YES;
				CLANG_WARN_ENUM_CONVERSION = YES;
				CLANG_WARN_INFINITE_RECURSION = YES;
				CLANG_WARN_INT_CONVERSION = YES;
				CLANG_WARN_NON_LITERAL_NULL_CONVERSION = YES;
				CLANG_WARN_OBJC_IMPLICIT_RETAIN_SELF = YES;
				CLANG_WARN_OBJC_LITERAL_CONVERSION = YES;
				CLANG_WARN_OBJC_ROOT_CLASS = YES_ERROR;
				CLANG_WARN_QUOTED_INCLUDE_IN_FRAMEWORK_HEADER = YES;
				CLANG_WARN_RANGE_LOOP_ANALYSIS = YES;
				CLANG_WARN_STRICT_PROTOTYPES = YES;
				CLANG_WARN_SUSPICIOUS_MOVE = YES;
				CLANG_WARN_UNGUARDED_AVAILABILITY = YES_AGGRESSIVE;
				CLANG_WARN_UNREACHABLE_CODE = YES;
				CLANG_WARN__DUPLICATE_METHOD_MATCH = YES;
				COPY_PHASE_STRIP = NO;
				DEBUG_INFORMATION_FORMAT = "dwarf-with-dsym";
				ENABLE_NS_ASSERTIONS = NO;
				ENABLE_STRICT_OBJC_MSGSEND = YES;
				GCC_C_LANGUAGE_STANDARD = gnu11;
				GCC_NO_COMMON_BLOCKS = YES;
				GCC_WARN_64_TO_32_BIT_CONVERSION = YES;
				GCC_WARN_ABOUT_RETURN_TYPE = YES_ERROR;
				GCC_WARN_UNDECLARED_SELECTOR = YES;
				GCC_WARN_UNINITIALIZED_AUTOS = YES_AGGRESSIVE;
				GCC_WARN_UNUSED_FUNCTION = YES;
				GCC_WARN_UNUSED_VARIABLE = YES;
				IPHONEOS_DEPLOYMENT_TARGET = 16.1;
				MTL_ENABLE_DEBUG_INFO = NO;
				MTL_FAST_MATH = YES;
				SDKROOT = iphoneos;
				SWIFT_COMPILATION_MODE = wholemodule;
				SWIFT_OPTIMIZATION_LEVEL = "-O";
				VALIDATE_PRODUCT = YES;
			};
			name = Release;
		};
		1BD3D76B2927773B007AC929 /* Debug */ = {
			isa = XCBuildConfiguration;
			buildSettings = {
				ASSETCATALOG_COMPILER_APPICON_NAME = AppIcon;
				ASSETCATALOG_COMPILER_GLOBAL_ACCENT_COLOR_NAME = AccentColor;
				CODE_SIGN_STYLE = Automatic;
				CURRENT_PROJECT_VERSION = 1;
				DEVELOPMENT_ASSET_PATHS = "\"swift-learn/Preview Content\"";
				DEVELOPMENT_TEAM = 4PWFMJ4KBP;
				ENABLE_PREVIEWS = YES;
				GENERATE_INFOPLIST_FILE = YES;
				INFOPLIST_KEY_UIApplicationSceneManifest_Generation = YES;
				INFOPLIST_KEY_UIApplicationSupportsIndirectInputEvents = YES;
				INFOPLIST_KEY_UILaunchScreen_Generation = YES;
				INFOPLIST_KEY_UISupportedInterfaceOrientations_iPad = "UIInterfaceOrientationPortrait UIInterfaceOrientationPortraitUpsideDown UIInterfaceOrientationLandscapeLeft UIInterfaceOrientationLandscapeRight";
				INFOPLIST_KEY_UISupportedInterfaceOrientations_iPhone = "UIInterfaceOrientationPortrait UIInterfaceOrientationLandscapeLeft UIInterfaceOrientationLandscapeRight";
				LD_RUNPATH_SEARCH_PATHS = (
					"$(inherited)",
					"@executable_path/Frameworks",
				);
				MARKETING_VERSION = 1.0;
				PRODUCT_BUNDLE_IDENTIFIER = "com.xheldon.swift-learn";
				PRODUCT_NAME = "$(TARGET_NAME)";
				SWIFT_EMIT_LOC_STRINGS = YES;
				SWIFT_VERSION = 5.0;
				TARGETED_DEVICE_FAMILY = "1,2";
			};
			name = Debug;
		};
		1BD3D76C2927773B007AC929 /* Release */ = {
			isa = XCBuildConfiguration;
			buildSettings = {
				ASSETCATALOG_COMPILER_APPICON_NAME = AppIcon;
				ASSETCATALOG_COMPILER_GLOBAL_ACCENT_COLOR_NAME = AccentColor;
				CODE_SIGN_STYLE = Automatic;
				CURRENT_PROJECT_VERSION = 1;
				DEVELOPMENT_ASSET_PATHS = "\"swift-learn/Preview Content\"";
				DEVELOPMENT_TEAM = 4PWFMJ4KBP;
				ENABLE_PREVIEWS = YES;
				GENERATE_INFOPLIST_FILE = YES;
				INFOPLIST_KEY_UIApplicationSceneManifest_Generation = YES;
				INFOPLIST_KEY_UIApplicationSupportsIndirectInputEvents = YES;
				INFOPLIST_KEY_UILaunchScreen_Generation = YES;
				INFOPLIST_KEY_UISupportedInterfaceOrientations_iPad = "UIInterfaceOrientationPortrait UIInterfaceOrientationPortraitUpsideDown UIInterfaceOrientationLandscapeLeft UIInterfaceOrientationLandscapeRight";
				INFOPLIST_KEY_UISupportedInterfaceOrientations_iPhone = "UIInterfaceOrientationPortrait UIInterfaceOrientationLandscapeLeft UIInterfaceOrientationLandscapeRight";
				LD_RUNPATH_SEARCH_PATHS = (
					"$(inherited)",
					"@executable_path/Frameworks",
				);
				MARKETING_VERSION = 1.0;
				PRODUCT_BUNDLE_IDENTIFIER = "com.xheldon.swift-learn";
				PRODUCT_NAME = "$(TARGET_NAME)";
				SWIFT_EMIT_LOC_STRINGS = YES;
				SWIFT_VERSION = 5.0;
				TARGETED_DEVICE_FAMILY = "1,2";
			};
			name = Release;
		};
/* End XCBuildConfiguration section */

/* Begin XCConfigurationList section */
		1BD3D7572927773A007AC929 /* Build configuration list for PBXProject "swift-learn" */ = {
			isa = XCConfigurationList;
			buildConfigurations = (
				1BD3D7682927773B007AC929 /* Debug */,
				1BD3D7692927773B007AC929 /* Release */,
			);
			defaultConfigurationIsVisible = 0;
			defaultConfigurationName = Release;
		};
		1BD3D76A2927773B007AC929 /* Build configuration list for PBXNativeTarget "swift-learn" */ = {
			isa = XCConfigurationList;
			buildConfigurations = (
				1BD3D76B2927773B007AC929 /* Debug */,
				1BD3D76C2927773B007AC929 /* Release */,
			);
			defaultConfigurationIsVisible = 0;
			defaultConfigurationName = Release;
		};
/* End XCConfigurationList section */

/* Begin XCRemoteSwiftPackageReference section */
		1793AC01293DEDFA00FA191B /* XCRemoteSwiftPackageReference "firebase-ios-sdk" */ = {
			isa = XCRemoteSwiftPackageReference;
			repositoryURL = "https://github.com/firebase/firebase-ios-sdk";
			requirement = {
				kind = upToNextMajorVersion;
				minimumVersion = 9.0.0;
			};
		};
/* End XCRemoteSwiftPackageReference section */

/* Begin XCSwiftPackageProductDependency section */
		1793AC02293DEDFA00FA191B /* FirebaseAnalytics */ = {
			isa = XCSwiftPackageProductDependency;
			package = 1793AC01293DEDFA00FA191B /* XCRemoteSwiftPackageReference "firebase-ios-sdk" */;
			productName = FirebaseAnalytics;
		};
		1793AC04293DEDFA00FA191B /* FirebaseFirestore */ = {
			isa = XCSwiftPackageProductDependency;
			package = 1793AC01293DEDFA00FA191B /* XCRemoteSwiftPackageReference "firebase-ios-sdk" */;
			productName = FirebaseFirestore;
		};
		1793AC06293DEDFA00FA191B /* FirebaseFirestoreSwift */ = {
			isa = XCSwiftPackageProductDependency;
			package = 1793AC01293DEDFA00FA191B /* XCRemoteSwiftPackageReference "firebase-ios-sdk" */;
			productName = FirebaseFirestoreSwift;
		};
/* End XCSwiftPackageProductDependency section */
	};
	rootObject = 1BD3D7542927773A007AC929 /* Project object */;
}
